// !$*UTF8*$!
{
	archiveVersion = 1;
	classes = {
	};
	objectVersion = 56;
	objects = {

/* Begin PBXBuildFile section */
		6359045028AC076D00653DBA /* TBXInfoView.swift in Sources */ = {isa = PBXBuildFile; fileRef = 6359044F28AC076D00653DBA /* TBXInfoView.swift */; };
		6395874528B023E500C2AB64 /* AppDelegate.swift in Sources */ = {isa = PBXBuildFile; fileRef = 6395874428B022A100C2AB64 /* AppDelegate.swift */; };
		63BC138328AAC1B900DFBEA1 /* TBX.swift in Sources */ = {isa = PBXBuildFile; fileRef = 63BC138228AAC1B900DFBEA1 /* TBX.swift */; };
		63BC138628AAC2D200DFBEA1 /* Term.swift in Sources */ = {isa = PBXBuildFile; fileRef = 63BC138528AAC2D200DFBEA1 /* Term.swift */; };
		63BC138828AAE98900DFBEA1 /* TermItem.swift in Sources */ = {isa = PBXBuildFile; fileRef = 63BC138728AAE98900DFBEA1 /* TermItem.swift */; };
		63C4ADCE28AAAFF100BEFE6C /* TBX_ScopeApp.swift in Sources */ = {isa = PBXBuildFile; fileRef = 63C4ADCD28AAAFF100BEFE6C /* TBX_ScopeApp.swift */; };
		63C4ADD028AAAFF100BEFE6C /* ContentView.swift in Sources */ = {isa = PBXBuildFile; fileRef = 63C4ADCF28AAAFF100BEFE6C /* ContentView.swift */; };
		63C4ADD228AAAFF200BEFE6C /* Assets.xcassets in Resources */ = {isa = PBXBuildFile; fileRef = 63C4ADD128AAAFF200BEFE6C /* Assets.xcassets */; };
		63C4ADD528AAAFF200BEFE6C /* Preview Assets.xcassets in Resources */ = {isa = PBXBuildFile; fileRef = 63C4ADD428AAAFF200BEFE6C /* Preview Assets.xcassets */; };
		63C4ADDE28AAB05600BEFE6C /* SwiftyXMLParser in Frameworks */ = {isa = PBXBuildFile; productRef = 63C4ADDD28AAB05600BEFE6C /* SwiftyXMLParser */; };
		63C4ADE228AAB0C800BEFE6C /* Select File.swift in Sources */ = {isa = PBXBuildFile; fileRef = 63C4ADE128AAB0C800BEFE6C /* Select File.swift */; };
		63C4ADE428AAB50C00BEFE6C /* Load Contents of File.swift in Sources */ = {isa = PBXBuildFile; fileRef = 63C4ADE328AAB50C00BEFE6C /* Load Contents of File.swift */; };
		63C4ADE628AAB5E900BEFE6C /* App State.swift in Sources */ = {isa = PBXBuildFile; fileRef = 63C4ADE528AAB5E900BEFE6C /* App State.swift */; };
		63C4ADE828AAB7FA00BEFE6C /* Parse XML.swift in Sources */ = {isa = PBXBuildFile; fileRef = 63C4ADE728AAB7FA00BEFE6C /* Parse XML.swift */; };
/* End PBXBuildFile section */

/* Begin PBXFileReference section */
		6359044F28AC076D00653DBA /* TBXInfoView.swift */ = {isa = PBXFileReference; lastKnownFileType = sourcecode.swift; path = TBXInfoView.swift; sourceTree = "<group>"; };
		6395874428B022A100C2AB64 /* AppDelegate.swift */ = {isa = PBXFileReference; lastKnownFileType = sourcecode.swift; path = AppDelegate.swift; sourceTree = "<group>"; };
		63BC138228AAC1B900DFBEA1 /* TBX.swift */ = {isa = PBXFileReference; lastKnownFileType = sourcecode.swift; path = TBX.swift; sourceTree = "<group>"; };
		63BC138428AAC25100DFBEA1 /* README.md */ = {isa = PBXFileReference; lastKnownFileType = net.daringfireball.markdown; path = README.md; sourceTree = "<group>"; };
		63BC138528AAC2D200DFBEA1 /* Term.swift */ = {isa = PBXFileReference; lastKnownFileType = sourcecode.swift; path = Term.swift; sourceTree = "<group>"; };
		63BC138728AAE98900DFBEA1 /* TermItem.swift */ = {isa = PBXFileReference; lastKnownFileType = sourcecode.swift; path = TermItem.swift; sourceTree = "<group>"; };
		63C4ADCA28AAAFF100BEFE6C /* TBX Scope.app */ = {isa = PBXFileReference; explicitFileType = wrapper.application; includeInIndex = 0; path = "TBX Scope.app"; sourceTree = BUILT_PRODUCTS_DIR; };
		63C4ADCD28AAAFF100BEFE6C /* TBX_ScopeApp.swift */ = {isa = PBXFileReference; lastKnownFileType = sourcecode.swift; path = TBX_ScopeApp.swift; sourceTree = "<group>"; };
		63C4ADCF28AAAFF100BEFE6C /* ContentView.swift */ = {isa = PBXFileReference; lastKnownFileType = sourcecode.swift; path = ContentView.swift; sourceTree = "<group>"; };
		63C4ADD128AAAFF200BEFE6C /* Assets.xcassets */ = {isa = PBXFileReference; lastKnownFileType = folder.assetcatalog; path = Assets.xcassets; sourceTree = "<group>"; };
		63C4ADD428AAAFF200BEFE6C /* Preview Assets.xcassets */ = {isa = PBXFileReference; lastKnownFileType = folder.assetcatalog; path = "Preview Assets.xcassets"; sourceTree = "<group>"; };
		63C4ADD628AAAFF200BEFE6C /* TBX_Scope.entitlements */ = {isa = PBXFileReference; lastKnownFileType = text.plist.entitlements; path = TBX_Scope.entitlements; sourceTree = "<group>"; };
		63C4ADE128AAB0C800BEFE6C /* Select File.swift */ = {isa = PBXFileReference; lastKnownFileType = sourcecode.swift; path = "Select File.swift"; sourceTree = "<group>"; };
		63C4ADE328AAB50C00BEFE6C /* Load Contents of File.swift */ = {isa = PBXFileReference; lastKnownFileType = sourcecode.swift; path = "Load Contents of File.swift"; sourceTree = "<group>"; };
		63C4ADE528AAB5E900BEFE6C /* App State.swift */ = {isa = PBXFileReference; lastKnownFileType = sourcecode.swift; path = "App State.swift"; sourceTree = "<group>"; };
		63C4ADE728AAB7FA00BEFE6C /* Parse XML.swift */ = {isa = PBXFileReference; lastKnownFileType = sourcecode.swift; path = "Parse XML.swift"; sourceTree = "<group>"; };
/* End PBXFileReference section */

/* Begin PBXFrameworksBuildPhase section */
		63C4ADC728AAAFF100BEFE6C /* Frameworks */ = {
			isa = PBXFrameworksBuildPhase;
			buildActionMask = 2147483647;
			files = (
				63C4ADDE28AAB05600BEFE6C /* SwiftyXMLParser in Frameworks */,
			);
			runOnlyForDeploymentPostprocessing = 0;
		};
/* End PBXFrameworksBuildPhase section */

/* Begin PBXGroup section */
		63BC138128AAC18800DFBEA1 /* Structs */ = {
			isa = PBXGroup;
			children = (
				63BC138228AAC1B900DFBEA1 /* TBX.swift */,
				63BC138528AAC2D200DFBEA1 /* Term.swift */,
			);
			path = Structs;
			sourceTree = "<group>";
		};
		63C4ADC128AAAFF100BEFE6C = {
			isa = PBXGroup;
			children = (
				63BC138428AAC25100DFBEA1 /* README.md */,
				63C4ADCC28AAAFF100BEFE6C /* TBX Scope */,
				63C4ADCB28AAAFF100BEFE6C /* Products */,
			);
			sourceTree = "<group>";
		};
		63C4ADCB28AAAFF100BEFE6C /* Products */ = {
			isa = PBXGroup;
			children = (
				63C4ADCA28AAAFF100BEFE6C /* TBX Scope.app */,
			);
			name = Products;
			sourceTree = "<group>";
		};
		63C4ADCC28AAAFF100BEFE6C /* TBX Scope */ = {
			isa = PBXGroup;
			children = (
				6395874428B022A100C2AB64 /* AppDelegate.swift */,
				63BC138128AAC18800DFBEA1 /* Structs */,
				63C4ADE028AAB07C00BEFE6C /* Views */,
				63C4ADDF28AAB07700BEFE6C /* Logic */,
				63C4ADCD28AAAFF100BEFE6C /* TBX_ScopeApp.swift */,
				63C4ADCF28AAAFF100BEFE6C /* ContentView.swift */,
				63C4ADD128AAAFF200BEFE6C /* Assets.xcassets */,
				63C4ADD628AAAFF200BEFE6C /* TBX_Scope.entitlements */,
				63C4ADD328AAAFF200BEFE6C /* Preview Content */,
				63C4ADE528AAB5E900BEFE6C /* App State.swift */,
			);
			path = "TBX Scope";
			sourceTree = "<group>";
		};
		63C4ADD328AAAFF200BEFE6C /* Preview Content */ = {
			isa = PBXGroup;
			children = (
				63C4ADD428AAAFF200BEFE6C /* Preview Assets.xcassets */,
			);
			path = "Preview Content";
			sourceTree = "<group>";
		};
		63C4ADDF28AAB07700BEFE6C /* Logic */ = {
			isa = PBXGroup;
			children = (
				63C4ADE128AAB0C800BEFE6C /* Select File.swift */,
				63C4ADE328AAB50C00BEFE6C /* Load Contents of File.swift */,
				63C4ADE728AAB7FA00BEFE6C /* Parse XML.swift */,
			);
			path = Logic;
			sourceTree = "<group>";
		};
		63C4ADE028AAB07C00BEFE6C /* Views */ = {
			isa = PBXGroup;
			children = (
				63BC138728AAE98900DFBEA1 /* TermItem.swift */,
				6359044F28AC076D00653DBA /* TBXInfoView.swift */,
			);
			path = Views;
			sourceTree = "<group>";
		};
/* End PBXGroup section */

/* Begin PBXNativeTarget section */
		63C4ADC928AAAFF100BEFE6C /* TBX Scope */ = {
			isa = PBXNativeTarget;
			buildConfigurationList = 63C4ADD928AAAFF200BEFE6C /* Build configuration list for PBXNativeTarget "TBX Scope" */;
			buildPhases = (
				63C4ADC628AAAFF100BEFE6C /* Sources */,
				63C4ADC728AAAFF100BEFE6C /* Frameworks */,
				63C4ADC828AAAFF100BEFE6C /* Resources */,
			);
			buildRules = (
			);
			dependencies = (
			);
			name = "TBX Scope";
			packageProductDependencies = (
				63C4ADDD28AAB05600BEFE6C /* SwiftyXMLParser */,
			);
			productName = "TBX Scope";
			productReference = 63C4ADCA28AAAFF100BEFE6C /* TBX Scope.app */;
			productType = "com.apple.product-type.application";
		};
/* End PBXNativeTarget section */

/* Begin PBXProject section */
		63C4ADC228AAAFF100BEFE6C /* Project object */ = {
			isa = PBXProject;
			attributes = {
				BuildIndependentTargetsInParallel = 1;
				LastSwiftUpdateCheck = 1400;
				LastUpgradeCheck = 1400;
				TargetAttributes = {
					63C4ADC928AAAFF100BEFE6C = {
						CreatedOnToolsVersion = 14.0;
					};
				};
			};
			buildConfigurationList = 63C4ADC528AAAFF100BEFE6C /* Build configuration list for PBXProject "TBX Scope" */;
			compatibilityVersion = "Xcode 14.0";
			developmentRegion = en;
			hasScannedForEncodings = 0;
			knownRegions = (
				en,
				Base,
			);
			mainGroup = 63C4ADC128AAAFF100BEFE6C;
			packageReferences = (
				63C4ADDC28AAB05600BEFE6C /* XCRemoteSwiftPackageReference "SwiftyXMLParser" */,
			);
			productRefGroup = 63C4ADCB28AAAFF100BEFE6C /* Products */;
			projectDirPath = "";
			projectRoot = "";
			targets = (
				63C4ADC928AAAFF100BEFE6C /* TBX Scope */,
			);
		};
/* End PBXProject section */

/* Begin PBXResourcesBuildPhase section */
		63C4ADC828AAAFF100BEFE6C /* Resources */ = {
			isa = PBXResourcesBuildPhase;
			buildActionMask = 2147483647;
			files = (
				63C4ADD528AAAFF200BEFE6C /* Preview Assets.xcassets in Resources */,
				63C4ADD228AAAFF200BEFE6C /* Assets.xcassets in Resources */,
			);
			runOnlyForDeploymentPostprocessing = 0;
		};
/* End PBXResourcesBuildPhase section */

/* Begin PBXSourcesBuildPhase section */
		63C4ADC628AAAFF100BEFE6C /* Sources */ = {
			isa = PBXSourcesBuildPhase;
			buildActionMask = 2147483647;
			files = (
				6395874528B023E500C2AB64 /* AppDelegate.swift in Sources */,
				63BC138828AAE98900DFBEA1 /* TermItem.swift in Sources */,
				63C4ADD028AAAFF100BEFE6C /* ContentView.swift in Sources */,
				63C4ADE428AAB50C00BEFE6C /* Load Contents of File.swift in Sources */,
				63BC138328AAC1B900DFBEA1 /* TBX.swift in Sources */,
				63C4ADE228AAB0C800BEFE6C /* Select File.swift in Sources */,
				6359045028AC076D00653DBA /* TBXInfoView.swift in Sources */,
				63C4ADCE28AAAFF100BEFE6C /* TBX_ScopeApp.swift in Sources */,
				63BC138628AAC2D200DFBEA1 /* Term.swift in Sources */,
				63C4ADE828AAB7FA00BEFE6C /* Parse XML.swift in Sources */,
				63C4ADE628AAB5E900BEFE6C /* App State.swift in Sources */,
			);
			runOnlyForDeploymentPostprocessing = 0;
		};
/* End PBXSourcesBuildPhase section */

/* Begin XCBuildConfiguration section */
		63C4ADD728AAAFF200BEFE6C /* Debug */ = {
			isa = XCBuildConfiguration;
			buildSettings = {
				ALWAYS_SEARCH_USER_PATHS = NO;
				CLANG_ANALYZER_NONNULL = YES;
				CLANG_ANALYZER_NUMBER_OBJECT_CONVERSION = YES_AGGRESSIVE;
				CLANG_CXX_LANGUAGE_STANDARD = "gnu++20";
				CLANG_ENABLE_MODULES = YES;
				CLANG_ENABLE_OBJC_ARC = YES;
				CLANG_ENABLE_OBJC_WEAK = YES;
				CLANG_WARN_BLOCK_CAPTURE_AUTORELEASING = YES;
				CLANG_WARN_BOOL_CONVERSION = YES;
				CLANG_WARN_COMMA = YES;
				CLANG_WARN_CONSTANT_CONVERSION = YES;
				CLANG_WARN_DEPRECATED_OBJC_IMPLEMENTATIONS = YES;
				CLANG_WARN_DIRECT_OBJC_ISA_USAGE = YES_ERROR;
				CLANG_WARN_DOCUMENTATION_COMMENTS = YES;
				CLANG_WARN_EMPTY_BODY = YES;
				CLANG_WARN_ENUM_CONVERSION = YES;
				CLANG_WARN_INFINITE_RECURSION = YES;
				CLANG_WARN_INT_CONVERSION = YES;
				CLANG_WARN_NON_LITERAL_NULL_CONVERSION = YES;
				CLANG_WARN_OBJC_IMPLICIT_RETAIN_SELF = YES;
				CLANG_WARN_OBJC_LITERAL_CONVERSION = YES;
				CLANG_WARN_OBJC_ROOT_CLASS = YES_ERROR;
				CLANG_WARN_QUOTED_INCLUDE_IN_FRAMEWORK_HEADER = YES;
				CLANG_WARN_RANGE_LOOP_ANALYSIS = YES;
				CLANG_WARN_STRICT_PROTOTYPES = YES;
				CLANG_WARN_SUSPICIOUS_MOVE = YES;
				CLANG_WARN_UNGUARDED_AVAILABILITY = YES_AGGRESSIVE;
				CLANG_WARN_UNREACHABLE_CODE = YES;
				CLANG_WARN__DUPLICATE_METHOD_MATCH = YES;
				COPY_PHASE_STRIP = NO;
				DEBUG_INFORMATION_FORMAT = dwarf;
				ENABLE_STRICT_OBJC_MSGSEND = YES;
				ENABLE_TESTABILITY = YES;
				GCC_C_LANGUAGE_STANDARD = gnu11;
				GCC_DYNAMIC_NO_PIC = NO;
				GCC_NO_COMMON_BLOCKS = YES;
				GCC_OPTIMIZATION_LEVEL = 0;
				GCC_PREPROCESSOR_DEFINITIONS = (
					"DEBUG=1",
					"$(inherited)",
				);
				GCC_WARN_64_TO_32_BIT_CONVERSION = YES;
				GCC_WARN_ABOUT_RETURN_TYPE = YES_ERROR;
				GCC_WARN_UNDECLARED_SELECTOR = YES;
				GCC_WARN_UNINITIALIZED_AUTOS = YES_AGGRESSIVE;
				GCC_WARN_UNUSED_FUNCTION = YES;
				GCC_WARN_UNUSED_VARIABLE = YES;
				MACOSX_DEPLOYMENT_TARGET = 12.5;
				MTL_ENABLE_DEBUG_INFO = INCLUDE_SOURCE;
				MTL_FAST_MATH = YES;
				ONLY_ACTIVE_ARCH = YES;
				SDKROOT = macosx;
				SWIFT_ACTIVE_COMPILATION_CONDITIONS = DEBUG;
				SWIFT_OPTIMIZATION_LEVEL = "-Onone";
			};
			name = Debug;
		};
		63C4ADD828AAAFF200BEFE6C /* Release */ = {
			isa = XCBuildConfiguration;
			buildSettings = {
				ALWAYS_SEARCH_USER_PATHS = NO;
				CLANG_ANALYZER_NONNULL = YES;
				CLANG_ANALYZER_NUMBER_OBJECT_CONVERSION = YES_AGGRESSIVE;
				CLANG_CXX_LANGUAGE_STANDARD = "gnu++20";
				CLANG_ENABLE_MODULES = YES;
				CLANG_ENABLE_OBJC_ARC = YES;
				CLANG_ENABLE_OBJC_WEAK = YES;
				CLANG_WARN_BLOCK_CAPTURE_AUTORELEASING = YES;
				CLANG_WARN_BOOL_CONVERSION = YES;
				CLANG_WARN_COMMA = YES;
				CLANG_WARN_CONSTANT_CONVERSION = YES;
				CLANG_WARN_DEPRECATED_OBJC_IMPLEMENTATIONS = YES;
				CLANG_WARN_DIRECT_OBJC_ISA_USAGE = YES_ERROR;
				CLANG_WARN_DOCUMENTATION_COMMENTS = YES;
				CLANG_WARN_EMPTY_BODY = YES;
				CLANG_WARN_ENUM_CONVERSION = YES;
				CLANG_WARN_INFINITE_RECURSION = YES;
				CLANG_WARN_INT_CONVERSION = YES;
				CLANG_WARN_NON_LITERAL_NULL_CONVERSION = YES;
				CLANG_WARN_OBJC_IMPLICIT_RETAIN_SELF = YES;
				CLANG_WARN_OBJC_LITERAL_CONVERSION = YES;
				CLANG_WARN_OBJC_ROOT_CLASS = YES_ERROR;
				CLANG_WARN_QUOTED_INCLUDE_IN_FRAMEWORK_HEADER = YES;
				CLANG_WARN_RANGE_LOOP_ANALYSIS = YES;
				CLANG_WARN_STRICT_PROTOTYPES = YES;
				CLANG_WARN_SUSPICIOUS_MOVE = YES;
				CLANG_WARN_UNGUARDED_AVAILABILITY = YES_AGGRESSIVE;
				CLANG_WARN_UNREACHABLE_CODE = YES;
				CLANG_WARN__DUPLICATE_METHOD_MATCH = YES;
				COPY_PHASE_STRIP = NO;
				DEBUG_INFORMATION_FORMAT = "dwarf-with-dsym";
				ENABLE_NS_ASSERTIONS = NO;
				ENABLE_STRICT_OBJC_MSGSEND = YES;
				GCC_C_LANGUAGE_STANDARD = gnu11;
				GCC_NO_COMMON_BLOCKS = YES;
				GCC_WARN_64_TO_32_BIT_CONVERSION = YES;
				GCC_WARN_ABOUT_RETURN_TYPE = YES_ERROR;
				GCC_WARN_UNDECLARED_SELECTOR = YES;
				GCC_WARN_UNINITIALIZED_AUTOS = YES_AGGRESSIVE;
				GCC_WARN_UNUSED_FUNCTION = YES;
				GCC_WARN_UNUSED_VARIABLE = YES;
				MACOSX_DEPLOYMENT_TARGET = 12.5;
				MTL_ENABLE_DEBUG_INFO = NO;
				MTL_FAST_MATH = YES;
				SDKROOT = macosx;
				SWIFT_COMPILATION_MODE = wholemodule;
				SWIFT_OPTIMIZATION_LEVEL = "-O";
			};
			name = Release;
		};
		63C4ADDA28AAAFF200BEFE6C /* Debug */ = {
			isa = XCBuildConfiguration;
			buildSettings = {
				ASSETCATALOG_COMPILER_APPICON_NAME = AppIcon;
				ASSETCATALOG_COMPILER_GLOBAL_ACCENT_COLOR_NAME = AccentColor;
				CODE_SIGN_ENTITLEMENTS = "TBX Scope/TBX_Scope.entitlements";
				CODE_SIGN_STYLE = Automatic;
				COMBINE_HIDPI_IMAGES = YES;
				CURRENT_PROJECT_VERSION = 1;
				DEVELOPMENT_ASSET_PATHS = "\"TBX Scope/Preview Content\"";
				DEVELOPMENT_TEAM = ZSVA6DVZHM;
				ENABLE_HARDENED_RUNTIME = YES;
				ENABLE_PREVIEWS = YES;
				GENERATE_INFOPLIST_FILE = YES;
				INFOPLIST_KEY_LSApplicationCategoryType = "public.app-category.reference";
				INFOPLIST_KEY_NSHumanReadableCopyright = "";
				LD_RUNPATH_SEARCH_PATHS = (
					"$(inherited)",
					"@executable_path/../Frameworks",
				);
				MACOSX_DEPLOYMENT_TARGET = 12.3;
				MARKETING_VERSION = 1.1;
				PRODUCT_BUNDLE_IDENTIFIER = "com.davidbures.TBX-Scope";
				PRODUCT_NAME = "$(TARGET_NAME)";
				SWIFT_EMIT_LOC_STRINGS = YES;
				SWIFT_VERSION = 5.0;
			};
			name = Debug;
		};
		63C4ADDB28AAAFF200BEFE6C /* Release */ = {
			isa = XCBuildConfiguration;
			buildSettings = {
				ASSETCATALOG_COMPILER_APPICON_NAME = AppIcon;
				ASSETCATALOG_COMPILER_GLOBAL_ACCENT_COLOR_NAME = AccentColor;
				CODE_SIGN_ENTITLEMENTS = "TBX Scope/TBX_Scope.entitlements";
				CODE_SIGN_STYLE = Automatic;
				COMBINE_HIDPI_IMAGES = YES;
				CURRENT_PROJECT_VERSION = 1;
				DEVELOPMENT_ASSET_PATHS = "\"TBX Scope/Preview Content\"";
				DEVELOPMENT_TEAM = ZSVA6DVZHM;
				ENABLE_HARDENED_RUNTIME = YES;
				ENABLE_PREVIEWS = YES;
				GENERATE_INFOPLIST_FILE = YES;
				INFOPLIST_KEY_LSApplicationCategoryType = "public.app-category.reference";
				INFOPLIST_KEY_NSHumanReadableCopyright = "";
				LD_RUNPATH_SEARCH_PATHS = (
					"$(inherited)",
					"@executable_path/../Frameworks",
				);
				MACOSX_DEPLOYMENT_TARGET = 12.3;
				MARKETING_VERSION = 1.1;
				PRODUCT_BUNDLE_IDENTIFIER = "com.davidbures.TBX-Scope";
				PRODUCT_NAME = "$(TARGET_NAME)";
				SWIFT_EMIT_LOC_STRINGS = YES;
				SWIFT_VERSION = 5.0;
			};
			name = Release;
		};
/* End XCBuildConfiguration section */

/* Begin XCConfigurationList section */
		63C4ADC528AAAFF100BEFE6C /* Build configuration list for PBXProject "TBX Scope" */ = {
			isa = XCConfigurationList;
			buildConfigurations = (
				63C4ADD728AAAFF200BEFE6C /* Debug */,
				63C4ADD828AAAFF200BEFE6C /* Release */,
			);
			defaultConfigurationIsVisible = 0;
			defaultConfigurationName = Release;
		};
		63C4ADD928AAAFF200BEFE6C /* Build configuration list for PBXNativeTarget "TBX Scope" */ = {
			isa = XCConfigurationList;
			buildConfigurations = (
				63C4ADDA28AAAFF200BEFE6C /* Debug */,
				63C4ADDB28AAAFF200BEFE6C /* Release */,
			);
			defaultConfigurationIsVisible = 0;
			defaultConfigurationName = Release;
		};
/* End XCConfigurationList section */

/* Begin XCRemoteSwiftPackageReference section */
		63C4ADDC28AAB05600BEFE6C /* XCRemoteSwiftPackageReference "SwiftyXMLParser" */ = {
			isa = XCRemoteSwiftPackageReference;
			repositoryURL = "https://github.com/yahoojapan/SwiftyXMLParser.git";
			requirement = {
				branch = master;
				kind = branch;
			};
		};
/* End XCRemoteSwiftPackageReference section */

/* Begin XCSwiftPackageProductDependency section */
		63C4ADDD28AAB05600BEFE6C /* SwiftyXMLParser */ = {
			isa = XCSwiftPackageProductDependency;
			package = 63C4ADDC28AAB05600BEFE6C /* XCRemoteSwiftPackageReference "SwiftyXMLParser" */;
			productName = SwiftyXMLParser;
		};
/* End XCSwiftPackageProductDependency section */
	};
	rootObject = 63C4ADC228AAAFF100BEFE6C /* Project object */;
}
